
Microsoft Visual Studio Solution File, Format Version 12.00
# Visual Studio Version 17
VisualStudioVersion = 17.4.33213.308
MinimumVisualStudioVersion = 10.0.40219.1
Project("{FAE04EC0-301F-11D3-BF4B-00C04F79EFBC}") = "cs10_GlobalUsing", "cs10_GlobalUsing\cs10_GlobalUsing.csproj", "{950121C2-A2FD-41FA-B028-B210ABBDCC27}"
EndProject
Global
	GlobalSection(SolutionConfigurationPlatforms) = preSolution
		Debug|Any CPU = Debug|Any CPU
		Release|Any CPU = Release|Any CPU
	EndGlobalSection
	GlobalSection(ProjectConfigurationPlatforms) = postSolution
		{950121C2-A2FD-41FA-B028-B210ABBDCC27}.Debug|Any CPU.ActiveCfg = Debug|Any CPU
		{950121C2-A2FD-41FA-B028-B210ABBDCC27}.Debug|Any CPU.Build.0 = Debug|Any CPU
		{950121C2-A2FD-41FA-B028-B210ABBDCC27}.Release|Any CPU.ActiveCfg = Release|Any CPU
		{950121C2-A2FD-41FA-B028-B210ABBDCC27}.Release|Any CPU.Build.0 = Release|Any CPU
	EndGlobalSection
	GlobalSection(SolutionProperties) = preSolution
		HideSolutionNode = FALSE
	EndGlobalSection
	GlobalSection(ExtensibilityGlobals) = postSolution
		SolutionGuid = {0C7A35A1-F1C1-4FE7-8823-56AC155FC628}
	EndGlobalSection
EndGlobal
