
Microsoft Visual Studio Solution File, Format Version 12.00
# Visual Studio Version 17
VisualStudioVersion = 17.4.33213.308
MinimumVisualStudioVersion = 10.0.40219.1
Project("{9A19103F-16F7-4668-BE54-9A1E7A4F7556}") = "pizza_mama", "pizza_mama\pizza_mama.csproj", "{1084B094-5471-4281-93AC-C806D3C3836C}"
EndProject
Global
	GlobalSection(SolutionConfigurationPlatforms) = preSolution
		Debug|Any CPU = Debug|Any CPU
		Release|Any CPU = Release|Any CPU
	EndGlobalSection
	GlobalSection(ProjectConfigurationPlatforms) = postSolution
		{1084B094-5471-4281-93AC-C806D3C3836C}.Debug|Any CPU.ActiveCfg = Debug|Any CPU
		{1084B094-5471-4281-93AC-C806D3C3836C}.Debug|Any CPU.Build.0 = Debug|Any CPU
		{1084B094-5471-4281-93AC-C806D3C3836C}.Release|Any CPU.ActiveCfg = Release|Any CPU
		{1084B094-5471-4281-93AC-C806D3C3836C}.Release|Any CPU.Build.0 = Release|Any CPU
	EndGlobalSection
	GlobalSection(SolutionProperties) = preSolution
		HideSolutionNode = FALSE
	EndGlobalSection
	GlobalSection(ExtensibilityGlobals) = postSolution
		SolutionGuid = {7650BF5E-57BF-48FD-AA75-2D9F704CEA97}
	EndGlobalSection
EndGlobal
