
Microsoft Visual Studio Solution File, Format Version 12.00
# Visual Studio Version 17
VisualStudioVersion = 17.4.33213.308
MinimumVisualStudioVersion = 10.0.40219.1
Project("{FAE04EC0-301F-11D3-BF4B-00C04F79EFBC}") = "cs10_lambdas", "cs10_lambdas\cs10_lambdas.csproj", "{A895E28A-DE15-47A3-A863-AF4C9432555E}"
EndProject
Global
	GlobalSection(SolutionConfigurationPlatforms) = preSolution
		Debug|Any CPU = Debug|Any CPU
		Release|Any CPU = Release|Any CPU
	EndGlobalSection
	GlobalSection(ProjectConfigurationPlatforms) = postSolution
		{A895E28A-DE15-47A3-A863-AF4C9432555E}.Debug|Any CPU.ActiveCfg = Debug|Any CPU
		{A895E28A-DE15-47A3-A863-AF4C9432555E}.Debug|Any CPU.Build.0 = Debug|Any CPU
		{A895E28A-DE15-47A3-A863-AF4C9432555E}.Release|Any CPU.ActiveCfg = Release|Any CPU
		{A895E28A-DE15-47A3-A863-AF4C9432555E}.Release|Any CPU.Build.0 = Release|Any CPU
	EndGlobalSection
	GlobalSection(SolutionProperties) = preSolution
		HideSolutionNode = FALSE
	EndGlobalSection
	GlobalSection(ExtensibilityGlobals) = postSolution
		SolutionGuid = {7DB71B14-4C59-4E39-8996-082F0E9C8667}
	EndGlobalSection
EndGlobal
